
Microsoft Visual Studio Solution File, Format Version 12.00
# Visual Studio 2013
VisualStudioVersion = 12.0.40629.0
MinimumVisualStudioVersion = 10.0.40219.1
Project("{FAE04EC0-301F-11D3-BF4B-00C04F79EFBC}") = "ChurchKid.Data.Entities", "ChurchKid.Data.Entities\ChurchKid.Data.Entities.csproj", "{84825C06-817B-42A4-87D9-405DD019B2C9}"
EndProject
Project("{FAE04EC0-301F-11D3-BF4B-00C04F79EFBC}") = "ChurchKid.Common", "ChurchKid.Common\ChurchKid.Common.csproj", "{EB7D5950-7593-4133-9B4D-C8FED7BCC3C5}"
EndProject
Project("{2150E333-8FDC-42A3-9474-1A3956D46DE8}") = "Tests", "Tests", "{E36AC08F-D144-47CE-8764-F9BC2284F273}"
EndProject
Project("{FAE04EC0-301F-11D3-BF4B-00C04F79EFBC}") = "ChurchKid.Common.Tests", "ChurchKid.Common.Tests\ChurchKid.Common.Tests.csproj", "{CC7FEF4B-B6EA-4449-BD29-130C0C4A9584}"
EndProject
Project("{FAE04EC0-301F-11D3-BF4B-00C04F79EFBC}") = "ChurchKid.Data", "ChurchKid.Data\ChurchKid.Data.csproj", "{FD00BF6B-FF24-4C5D-9B2F-E178D9C1D3C7}"
EndProject
Project("{FAE04EC0-301F-11D3-BF4B-00C04F79EFBC}") = "ChurchKid.Data.Tests", "ChurchKid.Data.Tests\ChurchKid.Data.Tests.csproj", "{A6E96CDF-C0F0-4D7A-80F5-306821CD5048}"
EndProject
Project("{FAE04EC0-301F-11D3-BF4B-00C04F79EFBC}") = "ChurchKid.Data.Query", "ChurchKid.Data.Query\ChurchKid.Data.Query.csproj", "{00D6834B-CB06-4B62-9D0D-841FBA2B79CC}"
EndProject
Global
	GlobalSection(SolutionConfigurationPlatforms) = preSolution
		Debug|Any CPU = Debug|Any CPU
		Release|Any CPU = Release|Any CPU
	EndGlobalSection
	GlobalSection(ProjectConfigurationPlatforms) = postSolution
		{84825C06-817B-42A4-87D9-405DD019B2C9}.Debug|Any CPU.ActiveCfg = Debug|Any CPU
		{84825C06-817B-42A4-87D9-405DD019B2C9}.Debug|Any CPU.Build.0 = Debug|Any CPU
		{84825C06-817B-42A4-87D9-405DD019B2C9}.Release|Any CPU.ActiveCfg = Release|Any CPU
		{84825C06-817B-42A4-87D9-405DD019B2C9}.Release|Any CPU.Build.0 = Release|Any CPU
		{EB7D5950-7593-4133-9B4D-C8FED7BCC3C5}.Debug|Any CPU.ActiveCfg = Debug|Any CPU
		{EB7D5950-7593-4133-9B4D-C8FED7BCC3C5}.Debug|Any CPU.Build.0 = Debug|Any CPU
		{EB7D5950-7593-4133-9B4D-C8FED7BCC3C5}.Release|Any CPU.ActiveCfg = Release|Any CPU
		{EB7D5950-7593-4133-9B4D-C8FED7BCC3C5}.Release|Any CPU.Build.0 = Release|Any CPU
		{CC7FEF4B-B6EA-4449-BD29-130C0C4A9584}.Debug|Any CPU.ActiveCfg = Debug|Any CPU
		{CC7FEF4B-B6EA-4449-BD29-130C0C4A9584}.Debug|Any CPU.Build.0 = Debug|Any CPU
		{CC7FEF4B-B6EA-4449-BD29-130C0C4A9584}.Release|Any CPU.ActiveCfg = Release|Any CPU
		{CC7FEF4B-B6EA-4449-BD29-130C0C4A9584}.Release|Any CPU.Build.0 = Release|Any CPU
		{FD00BF6B-FF24-4C5D-9B2F-E178D9C1D3C7}.Debug|Any CPU.ActiveCfg = Debug|Any CPU
		{FD00BF6B-FF24-4C5D-9B2F-E178D9C1D3C7}.Debug|Any CPU.Build.0 = Debug|Any CPU
		{FD00BF6B-FF24-4C5D-9B2F-E178D9C1D3C7}.Release|Any CPU.ActiveCfg = Release|Any CPU
		{FD00BF6B-FF24-4C5D-9B2F-E178D9C1D3C7}.Release|Any CPU.Build.0 = Release|Any CPU
		{A6E96CDF-C0F0-4D7A-80F5-306821CD5048}.Debug|Any CPU.ActiveCfg = Debug|Any CPU
		{A6E96CDF-C0F0-4D7A-80F5-306821CD5048}.Debug|Any CPU.Build.0 = Debug|Any CPU
		{A6E96CDF-C0F0-4D7A-80F5-306821CD5048}.Release|Any CPU.ActiveCfg = Release|Any CPU
		{A6E96CDF-C0F0-4D7A-80F5-306821CD5048}.Release|Any CPU.Build.0 = Release|Any CPU
		{00D6834B-CB06-4B62-9D0D-841FBA2B79CC}.Debug|Any CPU.ActiveCfg = Debug|Any CPU
		{00D6834B-CB06-4B62-9D0D-841FBA2B79CC}.Debug|Any CPU.Build.0 = Debug|Any CPU
		{00D6834B-CB06-4B62-9D0D-841FBA2B79CC}.Release|Any CPU.ActiveCfg = Release|Any CPU
		{00D6834B-CB06-4B62-9D0D-841FBA2B79CC}.Release|Any CPU.Build.0 = Release|Any CPU
	EndGlobalSection
	GlobalSection(SolutionProperties) = preSolution
		HideSolutionNode = FALSE
	EndGlobalSection
	GlobalSection(NestedProjects) = preSolution
		{CC7FEF4B-B6EA-4449-BD29-130C0C4A9584} = {E36AC08F-D144-47CE-8764-F9BC2284F273}
		{A6E96CDF-C0F0-4D7A-80F5-306821CD5048} = {E36AC08F-D144-47CE-8764-F9BC2284F273}
	EndGlobalSection
EndGlobal
